
Microsoft Visual Studio Solution File, Format Version 12.00
# Visual Studio 15
VisualStudioVersion = 15.0.26730.10
MinimumVisualStudioVersion = 10.0.40219.1

Project("{6EC3EE1D-3C4E-46DD-8F32-0CC8E7565705}") = "TheSummit", "TheSummit\TheSummit.fsproj", "{7C20CAA7-A267-470D-8663-56CE418ABEC8}"
EndProject

Project("{F2A71F9B-5D33-465A-A702-920D77279786}") = "TheSummit.Android", "TheSummit.Android\TheSummit.Android.fsproj", "{6D07AD6A-F5B4-4375-9021-503A9FBD69D0}"
EndProject


Project("{F2A71F9B-5D33-465A-A702-920D77279786}") = "TheSummit.iOS", "TheSummit.iOS\TheSummit.iOS.fsproj", "{3254DBA5-B7BB-4504-9F69-A33BD6F37C29}"
EndProject




Global
	GlobalSection(SolutionConfigurationPlatforms) = preSolution
		Ad-Hoc|Any CPU = Ad-Hoc|Any CPU
		Ad-Hoc|ARM = Ad-Hoc|ARM
		Ad-Hoc|iPhone = Ad-Hoc|iPhone
		Ad-Hoc|iPhoneSimulator = Ad-Hoc|iPhoneSimulator
		Ad-Hoc|x64 = Ad-Hoc|x64
		Ad-Hoc|x86 = Ad-Hoc|x86
		AppStore|Any CPU = AppStore|Any CPU
		AppStore|ARM = AppStore|ARM
		AppStore|iPhone = AppStore|iPhone
		AppStore|iPhoneSimulator = AppStore|iPhoneSimulator
		AppStore|x64 = AppStore|x64
		AppStore|x86 = AppStore|x86
		Debug|Any CPU = Debug|Any CPU
		Debug|ARM = Debug|ARM
		Debug|iPhone = Debug|iPhone
		Debug|iPhoneSimulator = Debug|iPhoneSimulator
		Debug|x64 = Debug|x64
		Debug|x86 = Debug|x86
		Release|Any CPU = Release|Any CPU
		Release|ARM = Release|ARM
		Release|iPhone = Release|iPhone
		Release|iPhoneSimulator = Release|iPhoneSimulator
		Release|x64 = Release|x64
		Release|x86 = Release|x86
	EndGlobalSection
	GlobalSection(ProjectConfigurationPlatforms) = postSolution
		{7C20CAA7-A267-470D-8663-56CE418ABEC8}.Ad-Hoc|Any CPU.ActiveCfg = Debug|Any CPU
		{7C20CAA7-A267-470D-8663-56CE418ABEC8}.Ad-Hoc|Any CPU.Build.0 = Debug|Any CPU
		{7C20CAA7-A267-470D-8663-56CE418ABEC8}.Ad-Hoc|ARM.ActiveCfg = Debug|Any CPU
		{7C20CAA7-A267-470D-8663-56CE418ABEC8}.Ad-Hoc|ARM.Build.0 = Debug|Any CPU
		{7C20CAA7-A267-470D-8663-56CE418ABEC8}.Ad-Hoc|iPhone.ActiveCfg = Debug|Any CPU
		{7C20CAA7-A267-470D-8663-56CE418ABEC8}.Ad-Hoc|iPhone.Build.0 = Debug|Any CPU
		{7C20CAA7-A267-470D-8663-56CE418ABEC8}.Ad-Hoc|iPhoneSimulator.ActiveCfg = Debug|Any CPU
		{7C20CAA7-A267-470D-8663-56CE418ABEC8}.Ad-Hoc|iPhoneSimulator.Build.0 = Debug|Any CPU
		{7C20CAA7-A267-470D-8663-56CE418ABEC8}.Ad-Hoc|x64.ActiveCfg = Debug|Any CPU
		{7C20CAA7-A267-470D-8663-56CE418ABEC8}.Ad-Hoc|x64.Build.0 = Debug|Any CPU
		{7C20CAA7-A267-470D-8663-56CE418ABEC8}.Ad-Hoc|x86.ActiveCfg = Debug|Any CPU
		{7C20CAA7-A267-470D-8663-56CE418ABEC8}.Ad-Hoc|x86.Build.0 = Debug|Any CPU
		{7C20CAA7-A267-470D-8663-56CE418ABEC8}.AppStore|Any CPU.ActiveCfg = Debug|Any CPU
		{7C20CAA7-A267-470D-8663-56CE418ABEC8}.AppStore|Any CPU.Build.0 = Debug|Any CPU
		{7C20CAA7-A267-470D-8663-56CE418ABEC8}.AppStore|ARM.ActiveCfg = Debug|Any CPU
		{7C20CAA7-A267-470D-8663-56CE418ABEC8}.AppStore|ARM.Build.0 = Debug|Any CPU
		{7C20CAA7-A267-470D-8663-56CE418ABEC8}.AppStore|iPhone.ActiveCfg = Debug|Any CPU
		{7C20CAA7-A267-470D-8663-56CE418ABEC8}.AppStore|iPhone.Build.0 = Debug|Any CPU
		{7C20CAA7-A267-470D-8663-56CE418ABEC8}.AppStore|iPhoneSimulator.ActiveCfg = Debug|Any CPU
		{7C20CAA7-A267-470D-8663-56CE418ABEC8}.AppStore|iPhoneSimulator.Build.0 = Debug|Any CPU
		{7C20CAA7-A267-470D-8663-56CE418ABEC8}.AppStore|x64.ActiveCfg = Debug|Any CPU
		{7C20CAA7-A267-470D-8663-56CE418ABEC8}.AppStore|x64.Build.0 = Debug|Any CPU
		{7C20CAA7-A267-470D-8663-56CE418ABEC8}.AppStore|x86.ActiveCfg = Debug|Any CPU
		{7C20CAA7-A267-470D-8663-56CE418ABEC8}.AppStore|x86.Build.0 = Debug|Any CPU
		{7C20CAA7-A267-470D-8663-56CE418ABEC8}.Debug|Any CPU.ActiveCfg = Debug|Any CPU
		{7C20CAA7-A267-470D-8663-56CE418ABEC8}.Debug|Any CPU.Build.0 = Debug|Any CPU
		{7C20CAA7-A267-470D-8663-56CE418ABEC8}.Debug|ARM.ActiveCfg = Debug|Any CPU
		{7C20CAA7-A267-470D-8663-56CE418ABEC8}.Debug|ARM.Build.0 = Debug|Any CPU
		{7C20CAA7-A267-470D-8663-56CE418ABEC8}.Debug|iPhone.ActiveCfg = Debug|Any CPU
		{7C20CAA7-A267-470D-8663-56CE418ABEC8}.Debug|iPhone.Build.0 = Debug|Any CPU
		{7C20CAA7-A267-470D-8663-56CE418ABEC8}.Debug|iPhoneSimulator.ActiveCfg = Debug|Any CPU
		{7C20CAA7-A267-470D-8663-56CE418ABEC8}.Debug|iPhoneSimulator.Build.0 = Debug|Any CPU
		{7C20CAA7-A267-470D-8663-56CE418ABEC8}.Debug|x64.ActiveCfg = Debug|Any CPU
		{7C20CAA7-A267-470D-8663-56CE418ABEC8}.Debug|x64.Build.0 = Debug|Any CPU
		{7C20CAA7-A267-470D-8663-56CE418ABEC8}.Debug|x86.ActiveCfg = Debug|Any CPU
		{7C20CAA7-A267-470D-8663-56CE418ABEC8}.Debug|x86.Build.0 = Debug|Any CPU
		{7C20CAA7-A267-470D-8663-56CE418ABEC8}.Release|Any CPU.ActiveCfg = Release|Any CPU
		{7C20CAA7-A267-470D-8663-56CE418ABEC8}.Release|Any CPU.Build.0 = Release|Any CPU
		{7C20CAA7-A267-470D-8663-56CE418ABEC8}.Release|ARM.ActiveCfg = Release|Any CPU
		{7C20CAA7-A267-470D-8663-56CE418ABEC8}.Release|ARM.Build.0 = Release|Any CPU
		{7C20CAA7-A267-470D-8663-56CE418ABEC8}.Release|iPhone.ActiveCfg = Release|Any CPU
		{7C20CAA7-A267-470D-8663-56CE418ABEC8}.Release|iPhone.Build.0 = Release|Any CPU
		{7C20CAA7-A267-470D-8663-56CE418ABEC8}.Release|iPhoneSimulator.ActiveCfg = Release|Any CPU
		{7C20CAA7-A267-470D-8663-56CE418ABEC8}.Release|iPhoneSimulator.Build.0 = Release|Any CPU
		{7C20CAA7-A267-470D-8663-56CE418ABEC8}.Release|x64.ActiveCfg = Release|Any CPU
		{7C20CAA7-A267-470D-8663-56CE418ABEC8}.Release|x64.Build.0 = Release|Any CPU
		{7C20CAA7-A267-470D-8663-56CE418ABEC8}.Release|x86.ActiveCfg = Release|Any CPU
		{7C20CAA7-A267-470D-8663-56CE418ABEC8}.Release|x86.Build.0 = Release|Any CPU
		{3254DBA5-B7BB-4504-9F69-A33BD6F37C29}.Ad-Hoc|Any CPU.ActiveCfg = Ad-Hoc|iPhone
		{3254DBA5-B7BB-4504-9F69-A33BD6F37C29}.Ad-Hoc|ARM.ActiveCfg = Ad-Hoc|iPhone
		{3254DBA5-B7BB-4504-9F69-A33BD6F37C29}.Ad-Hoc|iPhone.ActiveCfg = Ad-Hoc|iPhone
		{3254DBA5-B7BB-4504-9F69-A33BD6F37C29}.Ad-Hoc|iPhone.Build.0 = Ad-Hoc|iPhone
		{3254DBA5-B7BB-4504-9F69-A33BD6F37C29}.Ad-Hoc|iPhoneSimulator.ActiveCfg = Ad-Hoc|iPhoneSimulator
		{3254DBA5-B7BB-4504-9F69-A33BD6F37C29}.Ad-Hoc|iPhoneSimulator.Build.0 = Ad-Hoc|iPhoneSimulator
		{3254DBA5-B7BB-4504-9F69-A33BD6F37C29}.Ad-Hoc|x64.ActiveCfg = Ad-Hoc|iPhone
		{3254DBA5-B7BB-4504-9F69-A33BD6F37C29}.Ad-Hoc|x86.ActiveCfg = Ad-Hoc|iPhone
		{3254DBA5-B7BB-4504-9F69-A33BD6F37C29}.AppStore|Any CPU.ActiveCfg = AppStore|iPhone
		{3254DBA5-B7BB-4504-9F69-A33BD6F37C29}.AppStore|ARM.ActiveCfg = AppStore|iPhone
		{3254DBA5-B7BB-4504-9F69-A33BD6F37C29}.AppStore|iPhone.ActiveCfg = AppStore|iPhone
		{3254DBA5-B7BB-4504-9F69-A33BD6F37C29}.AppStore|iPhone.Build.0 = AppStore|iPhone
		{3254DBA5-B7BB-4504-9F69-A33BD6F37C29}.AppStore|iPhoneSimulator.ActiveCfg = AppStore|iPhoneSimulator
		{3254DBA5-B7BB-4504-9F69-A33BD6F37C29}.AppStore|iPhoneSimulator.Build.0 = AppStore|iPhoneSimulator
		{3254DBA5-B7BB-4504-9F69-A33BD6F37C29}.AppStore|x64.ActiveCfg = AppStore|iPhone
		{3254DBA5-B7BB-4504-9F69-A33BD6F37C29}.AppStore|x86.ActiveCfg = AppStore|iPhone
		{3254DBA5-B7BB-4504-9F69-A33BD6F37C29}.Debug|Any CPU.ActiveCfg = Debug|iPhone
		{3254DBA5-B7BB-4504-9F69-A33BD6F37C29}.Debug|ARM.ActiveCfg = Debug|iPhone
		{3254DBA5-B7BB-4504-9F69-A33BD6F37C29}.Debug|iPhone.ActiveCfg = Debug|iPhone
		{3254DBA5-B7BB-4504-9F69-A33BD6F37C29}.Debug|iPhone.Build.0 = Debug|iPhone
		{3254DBA5-B7BB-4504-9F69-A33BD6F37C29}.Debug|iPhoneSimulator.ActiveCfg = Debug|iPhoneSimulator
		{3254DBA5-B7BB-4504-9F69-A33BD6F37C29}.Debug|iPhoneSimulator.Build.0 = Debug|iPhoneSimulator
		{3254DBA5-B7BB-4504-9F69-A33BD6F37C29}.Debug|x64.ActiveCfg = Debug|iPhone
		{3254DBA5-B7BB-4504-9F69-A33BD6F37C29}.Debug|x86.ActiveCfg = Debug|iPhone
		{3254DBA5-B7BB-4504-9F69-A33BD6F37C29}.Release|Any CPU.ActiveCfg = Release|iPhone
		{3254DBA5-B7BB-4504-9F69-A33BD6F37C29}.Release|ARM.ActiveCfg = Release|iPhone
		{3254DBA5-B7BB-4504-9F69-A33BD6F37C29}.Release|iPhone.ActiveCfg = Release|iPhone
		{3254DBA5-B7BB-4504-9F69-A33BD6F37C29}.Release|iPhone.Build.0 = Release|iPhone
		{3254DBA5-B7BB-4504-9F69-A33BD6F37C29}.Release|iPhoneSimulator.ActiveCfg = Release|iPhoneSimulator
		{3254DBA5-B7BB-4504-9F69-A33BD6F37C29}.Release|iPhoneSimulator.Build.0 = Release|iPhoneSimulator
		{3254DBA5-B7BB-4504-9F69-A33BD6F37C29}.Release|x64.ActiveCfg = Release|iPhone
		{3254DBA5-B7BB-4504-9F69-A33BD6F37C29}.Release|x86.ActiveCfg = Release|iPhone
		{24B2112F-6BAD-4AF6-A5D8-6478A9FA1244}.Ad-Hoc|Any CPU.ActiveCfg = Release|x86
		{24B2112F-6BAD-4AF6-A5D8-6478A9FA1244}.Ad-Hoc|Any CPU.Build.0 = Release|x86
		{24B2112F-6BAD-4AF6-A5D8-6478A9FA1244}.Ad-Hoc|Any CPU.Deploy.0 = Release|x86
		{24B2112F-6BAD-4AF6-A5D8-6478A9FA1244}.Ad-Hoc|ARM.ActiveCfg = Release|ARM
		{24B2112F-6BAD-4AF6-A5D8-6478A9FA1244}.Ad-Hoc|ARM.Build.0 = Release|ARM
		{24B2112F-6BAD-4AF6-A5D8-6478A9FA1244}.Ad-Hoc|ARM.Deploy.0 = Release|ARM
		{24B2112F-6BAD-4AF6-A5D8-6478A9FA1244}.Ad-Hoc|iPhone.ActiveCfg = Release|x86
		{24B2112F-6BAD-4AF6-A5D8-6478A9FA1244}.Ad-Hoc|iPhone.Build.0 = Release|x86
		{24B2112F-6BAD-4AF6-A5D8-6478A9FA1244}.Ad-Hoc|iPhone.Deploy.0 = Release|x86
		{24B2112F-6BAD-4AF6-A5D8-6478A9FA1244}.Ad-Hoc|iPhoneSimulator.ActiveCfg = Release|x86
		{24B2112F-6BAD-4AF6-A5D8-6478A9FA1244}.Ad-Hoc|iPhoneSimulator.Build.0 = Release|x86
		{24B2112F-6BAD-4AF6-A5D8-6478A9FA1244}.Ad-Hoc|iPhoneSimulator.Deploy.0 = Release|x86
		{24B2112F-6BAD-4AF6-A5D8-6478A9FA1244}.Ad-Hoc|x64.ActiveCfg = Release|x64
		{24B2112F-6BAD-4AF6-A5D8-6478A9FA1244}.Ad-Hoc|x64.Build.0 = Release|x64
		{24B2112F-6BAD-4AF6-A5D8-6478A9FA1244}.Ad-Hoc|x64.Deploy.0 = Release|x64
		{24B2112F-6BAD-4AF6-A5D8-6478A9FA1244}.Ad-Hoc|x86.ActiveCfg = Release|x86
		{24B2112F-6BAD-4AF6-A5D8-6478A9FA1244}.Ad-Hoc|x86.Build.0 = Release|x86
		{24B2112F-6BAD-4AF6-A5D8-6478A9FA1244}.Ad-Hoc|x86.Deploy.0 = Release|x86
		{24B2112F-6BAD-4AF6-A5D8-6478A9FA1244}.AppStore|Any CPU.ActiveCfg = Release|x86
		{24B2112F-6BAD-4AF6-A5D8-6478A9FA1244}.AppStore|Any CPU.Build.0 = Release|x86
		{24B2112F-6BAD-4AF6-A5D8-6478A9FA1244}.AppStore|Any CPU.Deploy.0 = Release|x86
		{24B2112F-6BAD-4AF6-A5D8-6478A9FA1244}.AppStore|ARM.ActiveCfg = Release|ARM
		{24B2112F-6BAD-4AF6-A5D8-6478A9FA1244}.AppStore|ARM.Build.0 = Release|ARM
		{24B2112F-6BAD-4AF6-A5D8-6478A9FA1244}.AppStore|ARM.Deploy.0 = Release|ARM
		{24B2112F-6BAD-4AF6-A5D8-6478A9FA1244}.AppStore|iPhone.ActiveCfg = Release|x86
		{24B2112F-6BAD-4AF6-A5D8-6478A9FA1244}.AppStore|iPhone.Build.0 = Release|x86
		{24B2112F-6BAD-4AF6-A5D8-6478A9FA1244}.AppStore|iPhone.Deploy.0 = Release|x86
		{24B2112F-6BAD-4AF6-A5D8-6478A9FA1244}.AppStore|iPhoneSimulator.ActiveCfg = Release|x86
		{24B2112F-6BAD-4AF6-A5D8-6478A9FA1244}.AppStore|iPhoneSimulator.Build.0 = Release|x86
		{24B2112F-6BAD-4AF6-A5D8-6478A9FA1244}.AppStore|iPhoneSimulator.Deploy.0 = Release|x86
		{24B2112F-6BAD-4AF6-A5D8-6478A9FA1244}.AppStore|x64.ActiveCfg = Release|x64
		{24B2112F-6BAD-4AF6-A5D8-6478A9FA1244}.AppStore|x64.Build.0 = Release|x64
		{24B2112F-6BAD-4AF6-A5D8-6478A9FA1244}.AppStore|x64.Deploy.0 = Release|x64
		{24B2112F-6BAD-4AF6-A5D8-6478A9FA1244}.AppStore|x86.ActiveCfg = Release|x86
		{24B2112F-6BAD-4AF6-A5D8-6478A9FA1244}.AppStore|x86.Build.0 = Release|x86
		{24B2112F-6BAD-4AF6-A5D8-6478A9FA1244}.AppStore|x86.Deploy.0 = Release|x86
		{24B2112F-6BAD-4AF6-A5D8-6478A9FA1244}.Debug|Any CPU.ActiveCfg = Debug|x86
		{24B2112F-6BAD-4AF6-A5D8-6478A9FA1244}.Debug|ARM.ActiveCfg = Debug|ARM
		{24B2112F-6BAD-4AF6-A5D8-6478A9FA1244}.Debug|ARM.Build.0 = Debug|ARM
		{24B2112F-6BAD-4AF6-A5D8-6478A9FA1244}.Debug|ARM.Deploy.0 = Debug|ARM
		{24B2112F-6BAD-4AF6-A5D8-6478A9FA1244}.Debug|iPhone.ActiveCfg = Debug|x86
		{24B2112F-6BAD-4AF6-A5D8-6478A9FA1244}.Debug|iPhoneSimulator.ActiveCfg = Debug|x86
		{24B2112F-6BAD-4AF6-A5D8-6478A9FA1244}.Debug|x64.ActiveCfg = Debug|x64
		{24B2112F-6BAD-4AF6-A5D8-6478A9FA1244}.Debug|x64.Build.0 = Debug|x64
		{24B2112F-6BAD-4AF6-A5D8-6478A9FA1244}.Debug|x64.Deploy.0 = Debug|x64
		{24B2112F-6BAD-4AF6-A5D8-6478A9FA1244}.Debug|x86.ActiveCfg = Debug|x86
		{24B2112F-6BAD-4AF6-A5D8-6478A9FA1244}.Debug|x86.Build.0 = Debug|x86
		{24B2112F-6BAD-4AF6-A5D8-6478A9FA1244}.Debug|x86.Deploy.0 = Debug|x86
		{24B2112F-6BAD-4AF6-A5D8-6478A9FA1244}.Release|Any CPU.ActiveCfg = Release|x86
		{24B2112F-6BAD-4AF6-A5D8-6478A9FA1244}.Release|ARM.ActiveCfg = Release|ARM
		{24B2112F-6BAD-4AF6-A5D8-6478A9FA1244}.Release|ARM.Build.0 = Release|ARM
		{24B2112F-6BAD-4AF6-A5D8-6478A9FA1244}.Release|ARM.Deploy.0 = Release|ARM
		{24B2112F-6BAD-4AF6-A5D8-6478A9FA1244}.Release|iPhone.ActiveCfg = Release|x86
		{24B2112F-6BAD-4AF6-A5D8-6478A9FA1244}.Release|iPhoneSimulator.ActiveCfg = Release|x86
		{24B2112F-6BAD-4AF6-A5D8-6478A9FA1244}.Release|x64.ActiveCfg = Release|x64
		{24B2112F-6BAD-4AF6-A5D8-6478A9FA1244}.Release|x64.Build.0 = Release|x64
		{24B2112F-6BAD-4AF6-A5D8-6478A9FA1244}.Release|x64.Deploy.0 = Release|x64
		{24B2112F-6BAD-4AF6-A5D8-6478A9FA1244}.Release|x86.ActiveCfg = Release|x86
		{24B2112F-6BAD-4AF6-A5D8-6478A9FA1244}.Release|x86.Build.0 = Release|x86
		{24B2112F-6BAD-4AF6-A5D8-6478A9FA1244}.Release|x86.Deploy.0 = Release|x86
		{B6F69912-245A-4E52-8AA8-62A97FD3EBE8}.Ad-Hoc|Any CPU.ActiveCfg = Release|Any CPU
		{B6F69912-245A-4E52-8AA8-62A97FD3EBE8}.Ad-Hoc|Any CPU.Build.0 = Release|Any CPU
		{B6F69912-245A-4E52-8AA8-62A97FD3EBE8}.Ad-Hoc|ARM.ActiveCfg = Release|Any CPU
		{B6F69912-245A-4E52-8AA8-62A97FD3EBE8}.Ad-Hoc|ARM.Build.0 = Release|Any CPU
		{B6F69912-245A-4E52-8AA8-62A97FD3EBE8}.Ad-Hoc|iPhone.ActiveCfg = Release|Any CPU
		{B6F69912-245A-4E52-8AA8-62A97FD3EBE8}.Ad-Hoc|iPhone.Build.0 = Release|Any CPU
		{B6F69912-245A-4E52-8AA8-62A97FD3EBE8}.Ad-Hoc|iPhoneSimulator.ActiveCfg = Release|Any CPU
		{B6F69912-245A-4E52-8AA8-62A97FD3EBE8}.Ad-Hoc|iPhoneSimulator.Build.0 = Release|Any CPU
		{B6F69912-245A-4E52-8AA8-62A97FD3EBE8}.Ad-Hoc|x64.ActiveCfg = Release|Any CPU
		{B6F69912-245A-4E52-8AA8-62A97FD3EBE8}.Ad-Hoc|x64.Build.0 = Release|Any CPU
		{B6F69912-245A-4E52-8AA8-62A97FD3EBE8}.Ad-Hoc|x86.ActiveCfg = Release|Any CPU
		{B6F69912-245A-4E52-8AA8-62A97FD3EBE8}.Ad-Hoc|x86.Build.0 = Release|Any CPU
		{B6F69912-245A-4E52-8AA8-62A97FD3EBE8}.AppStore|Any CPU.ActiveCfg = Release|Any CPU
		{B6F69912-245A-4E52-8AA8-62A97FD3EBE8}.AppStore|Any CPU.Build.0 = Release|Any CPU
		{B6F69912-245A-4E52-8AA8-62A97FD3EBE8}.AppStore|ARM.ActiveCfg = Release|Any CPU
		{B6F69912-245A-4E52-8AA8-62A97FD3EBE8}.AppStore|ARM.Build.0 = Release|Any CPU
		{B6F69912-245A-4E52-8AA8-62A97FD3EBE8}.AppStore|iPhone.ActiveCfg = Release|Any CPU
		{B6F69912-245A-4E52-8AA8-62A97FD3EBE8}.AppStore|iPhone.Build.0 = Release|Any CPU
		{B6F69912-245A-4E52-8AA8-62A97FD3EBE8}.AppStore|iPhoneSimulator.ActiveCfg = Release|Any CPU
		{B6F69912-245A-4E52-8AA8-62A97FD3EBE8}.AppStore|iPhoneSimulator.Build.0 = Release|Any CPU
		{B6F69912-245A-4E52-8AA8-62A97FD3EBE8}.AppStore|x64.ActiveCfg = Release|Any CPU
		{B6F69912-245A-4E52-8AA8-62A97FD3EBE8}.AppStore|x64.Build.0 = Release|Any CPU
		{B6F69912-245A-4E52-8AA8-62A97FD3EBE8}.AppStore|x86.ActiveCfg = Release|Any CPU
		{B6F69912-245A-4E52-8AA8-62A97FD3EBE8}.AppStore|x86.Build.0 = Release|Any CPU
		{B6F69912-245A-4E52-8AA8-62A97FD3EBE8}.Debug|Any CPU.ActiveCfg = Debug|Any CPU
		{B6F69912-245A-4E52-8AA8-62A97FD3EBE8}.Debug|Any CPU.Build.0 = Debug|Any CPU
		{B6F69912-245A-4E52-8AA8-62A97FD3EBE8}.Debug|ARM.ActiveCfg = Debug|Any CPU
		{B6F69912-245A-4E52-8AA8-62A97FD3EBE8}.Debug|ARM.Build.0 = Debug|Any CPU
		{B6F69912-245A-4E52-8AA8-62A97FD3EBE8}.Debug|iPhone.ActiveCfg = Debug|Any CPU
		{B6F69912-245A-4E52-8AA8-62A97FD3EBE8}.Debug|iPhone.Build.0 = Debug|Any CPU
		{B6F69912-245A-4E52-8AA8-62A97FD3EBE8}.Debug|iPhoneSimulator.ActiveCfg = Debug|Any CPU
		{B6F69912-245A-4E52-8AA8-62A97FD3EBE8}.Debug|iPhoneSimulator.Build.0 = Debug|Any CPU
		{B6F69912-245A-4E52-8AA8-62A97FD3EBE8}.Debug|x64.ActiveCfg = Debug|Any CPU
		{B6F69912-245A-4E52-8AA8-62A97FD3EBE8}.Debug|x64.Build.0 = Debug|Any CPU
		{B6F69912-245A-4E52-8AA8-62A97FD3EBE8}.Debug|x86.ActiveCfg = Debug|Any CPU
		{B6F69912-245A-4E52-8AA8-62A97FD3EBE8}.Debug|x86.Build.0 = Debug|Any CPU
		{B6F69912-245A-4E52-8AA8-62A97FD3EBE8}.Release|Any CPU.ActiveCfg = Release|Any CPU
		{B6F69912-245A-4E52-8AA8-62A97FD3EBE8}.Release|Any CPU.Build.0 = Release|Any CPU
		{B6F69912-245A-4E52-8AA8-62A97FD3EBE8}.Release|ARM.ActiveCfg = Release|Any CPU
		{B6F69912-245A-4E52-8AA8-62A97FD3EBE8}.Release|ARM.Build.0 = Release|Any CPU
		{B6F69912-245A-4E52-8AA8-62A97FD3EBE8}.Release|iPhone.ActiveCfg = Release|Any CPU
		{B6F69912-245A-4E52-8AA8-62A97FD3EBE8}.Release|iPhone.Build.0 = Release|Any CPU
		{B6F69912-245A-4E52-8AA8-62A97FD3EBE8}.Release|iPhoneSimulator.ActiveCfg = Release|Any CPU
		{B6F69912-245A-4E52-8AA8-62A97FD3EBE8}.Release|iPhoneSimulator.Build.0 = Release|Any CPU
		{B6F69912-245A-4E52-8AA8-62A97FD3EBE8}.Release|x64.ActiveCfg = Release|Any CPU
		{B6F69912-245A-4E52-8AA8-62A97FD3EBE8}.Release|x64.Build.0 = Release|Any CPU
		{B6F69912-245A-4E52-8AA8-62A97FD3EBE8}.Release|x86.ActiveCfg = Release|Any CPU
		{B6F69912-245A-4E52-8AA8-62A97FD3EBE8}.Release|x86.Build.0 = Release|Any CPU
		{F6A5D9BA-E920-4BF9-8F5B-5EC0E70D8BCE}.Ad-Hoc|Any CPU.ActiveCfg = Release|Any CPU
		{F6A5D9BA-E920-4BF9-8F5B-5EC0E70D8BCE}.Ad-Hoc|Any CPU.Build.0 = Release|Any CPU
		{F6A5D9BA-E920-4BF9-8F5B-5EC0E70D8BCE}.Ad-Hoc|ARM.ActiveCfg = Release|Any CPU
		{F6A5D9BA-E920-4BF9-8F5B-5EC0E70D8BCE}.Ad-Hoc|ARM.Build.0 = Release|Any CPU
		{F6A5D9BA-E920-4BF9-8F5B-5EC0E70D8BCE}.Ad-Hoc|iPhone.ActiveCfg = Release|Any CPU
		{F6A5D9BA-E920-4BF9-8F5B-5EC0E70D8BCE}.Ad-Hoc|iPhone.Build.0 = Release|Any CPU
		{F6A5D9BA-E920-4BF9-8F5B-5EC0E70D8BCE}.Ad-Hoc|iPhoneSimulator.ActiveCfg = Release|Any CPU
		{F6A5D9BA-E920-4BF9-8F5B-5EC0E70D8BCE}.Ad-Hoc|iPhoneSimulator.Build.0 = Release|Any CPU
		{F6A5D9BA-E920-4BF9-8F5B-5EC0E70D8BCE}.Ad-Hoc|x64.ActiveCfg = Release|Any CPU
		{F6A5D9BA-E920-4BF9-8F5B-5EC0E70D8BCE}.Ad-Hoc|x64.Build.0 = Release|Any CPU
		{F6A5D9BA-E920-4BF9-8F5B-5EC0E70D8BCE}.Ad-Hoc|x86.ActiveCfg = Release|Any CPU
		{F6A5D9BA-E920-4BF9-8F5B-5EC0E70D8BCE}.Ad-Hoc|x86.Build.0 = Release|Any CPU
		{F6A5D9BA-E920-4BF9-8F5B-5EC0E70D8BCE}.AppStore|Any CPU.ActiveCfg = Release|Any CPU
		{F6A5D9BA-E920-4BF9-8F5B-5EC0E70D8BCE}.AppStore|Any CPU.Build.0 = Release|Any CPU
		{F6A5D9BA-E920-4BF9-8F5B-5EC0E70D8BCE}.AppStore|ARM.ActiveCfg = Release|Any CPU
		{F6A5D9BA-E920-4BF9-8F5B-5EC0E70D8BCE}.AppStore|ARM.Build.0 = Release|Any CPU
		{F6A5D9BA-E920-4BF9-8F5B-5EC0E70D8BCE}.AppStore|iPhone.ActiveCfg = Release|Any CPU
		{F6A5D9BA-E920-4BF9-8F5B-5EC0E70D8BCE}.AppStore|iPhone.Build.0 = Release|Any CPU
		{F6A5D9BA-E920-4BF9-8F5B-5EC0E70D8BCE}.AppStore|iPhoneSimulator.ActiveCfg = Release|Any CPU
		{F6A5D9BA-E920-4BF9-8F5B-5EC0E70D8BCE}.AppStore|iPhoneSimulator.Build.0 = Release|Any CPU
		{F6A5D9BA-E920-4BF9-8F5B-5EC0E70D8BCE}.AppStore|x64.ActiveCfg = Release|Any CPU
		{F6A5D9BA-E920-4BF9-8F5B-5EC0E70D8BCE}.AppStore|x64.Build.0 = Release|Any CPU
		{F6A5D9BA-E920-4BF9-8F5B-5EC0E70D8BCE}.AppStore|x86.ActiveCfg = Release|Any CPU
		{F6A5D9BA-E920-4BF9-8F5B-5EC0E70D8BCE}.AppStore|x86.Build.0 = Release|Any CPU
		{F6A5D9BA-E920-4BF9-8F5B-5EC0E70D8BCE}.Debug|Any CPU.ActiveCfg = Debug|Any CPU
		{F6A5D9BA-E920-4BF9-8F5B-5EC0E70D8BCE}.Debug|Any CPU.Build.0 = Debug|Any CPU
		{F6A5D9BA-E920-4BF9-8F5B-5EC0E70D8BCE}.Debug|ARM.ActiveCfg = Debug|Any CPU
		{F6A5D9BA-E920-4BF9-8F5B-5EC0E70D8BCE}.Debug|ARM.Build.0 = Debug|Any CPU
		{F6A5D9BA-E920-4BF9-8F5B-5EC0E70D8BCE}.Debug|iPhone.ActiveCfg = Debug|Any CPU
		{F6A5D9BA-E920-4BF9-8F5B-5EC0E70D8BCE}.Debug|iPhone.Build.0 = Debug|Any CPU
		{F6A5D9BA-E920-4BF9-8F5B-5EC0E70D8BCE}.Debug|iPhoneSimulator.ActiveCfg = Debug|Any CPU
		{F6A5D9BA-E920-4BF9-8F5B-5EC0E70D8BCE}.Debug|iPhoneSimulator.Build.0 = Debug|Any CPU
		{F6A5D9BA-E920-4BF9-8F5B-5EC0E70D8BCE}.Debug|x64.ActiveCfg = Debug|Any CPU
		{F6A5D9BA-E920-4BF9-8F5B-5EC0E70D8BCE}.Debug|x64.Build.0 = Debug|Any CPU
		{F6A5D9BA-E920-4BF9-8F5B-5EC0E70D8BCE}.Debug|x86.ActiveCfg = Debug|Any CPU
		{F6A5D9BA-E920-4BF9-8F5B-5EC0E70D8BCE}.Debug|x86.Build.0 = Debug|Any CPU
		{F6A5D9BA-E920-4BF9-8F5B-5EC0E70D8BCE}.Release|Any CPU.ActiveCfg = Release|Any CPU
		{F6A5D9BA-E920-4BF9-8F5B-5EC0E70D8BCE}.Release|Any CPU.Build.0 = Release|Any CPU
		{F6A5D9BA-E920-4BF9-8F5B-5EC0E70D8BCE}.Release|ARM.ActiveCfg = Release|Any CPU
		{F6A5D9BA-E920-4BF9-8F5B-5EC0E70D8BCE}.Release|ARM.Build.0 = Release|Any CPU
		{F6A5D9BA-E920-4BF9-8F5B-5EC0E70D8BCE}.Release|iPhone.ActiveCfg = Release|Any CPU
		{F6A5D9BA-E920-4BF9-8F5B-5EC0E70D8BCE}.Release|iPhone.Build.0 = Release|Any CPU
		{F6A5D9BA-E920-4BF9-8F5B-5EC0E70D8BCE}.Release|iPhoneSimulator.ActiveCfg = Release|Any CPU
		{F6A5D9BA-E920-4BF9-8F5B-5EC0E70D8BCE}.Release|iPhoneSimulator.Build.0 = Release|Any CPU
		{F6A5D9BA-E920-4BF9-8F5B-5EC0E70D8BCE}.Release|x64.ActiveCfg = Release|Any CPU
		{F6A5D9BA-E920-4BF9-8F5B-5EC0E70D8BCE}.Release|x64.Build.0 = Release|Any CPU
		{F6A5D9BA-E920-4BF9-8F5B-5EC0E70D8BCE}.Release|x86.ActiveCfg = Release|Any CPU
		{F6A5D9BA-E920-4BF9-8F5B-5EC0E70D8BCE}.Release|x86.Build.0 = Release|Any CPU
		{6D07AD6A-F5B4-4375-9021-503A9FBD69D0}.Ad-Hoc|Any CPU.ActiveCfg = Release|Any CPU
		{6D07AD6A-F5B4-4375-9021-503A9FBD69D0}.Ad-Hoc|Any CPU.Build.0 = Release|Any CPU
		{6D07AD6A-F5B4-4375-9021-503A9FBD69D0}.Ad-Hoc|ARM.ActiveCfg = Release|Any CPU
		{6D07AD6A-F5B4-4375-9021-503A9FBD69D0}.Ad-Hoc|ARM.Build.0 = Release|Any CPU
		{6D07AD6A-F5B4-4375-9021-503A9FBD69D0}.Ad-Hoc|iPhone.ActiveCfg = Release|Any CPU
		{6D07AD6A-F5B4-4375-9021-503A9FBD69D0}.Ad-Hoc|iPhone.Build.0 = Release|Any CPU
		{6D07AD6A-F5B4-4375-9021-503A9FBD69D0}.Ad-Hoc|iPhoneSimulator.ActiveCfg = Release|Any CPU
		{6D07AD6A-F5B4-4375-9021-503A9FBD69D0}.Ad-Hoc|iPhoneSimulator.Build.0 = Release|Any CPU
		{6D07AD6A-F5B4-4375-9021-503A9FBD69D0}.Ad-Hoc|x64.ActiveCfg = Release|Any CPU
		{6D07AD6A-F5B4-4375-9021-503A9FBD69D0}.Ad-Hoc|x64.Build.0 = Release|Any CPU
		{6D07AD6A-F5B4-4375-9021-503A9FBD69D0}.Ad-Hoc|x86.ActiveCfg = Release|Any CPU
		{6D07AD6A-F5B4-4375-9021-503A9FBD69D0}.Ad-Hoc|x86.Build.0 = Release|Any CPU
		{6D07AD6A-F5B4-4375-9021-503A9FBD69D0}.AppStore|Any CPU.ActiveCfg = Release|Any CPU
		{6D07AD6A-F5B4-4375-9021-503A9FBD69D0}.AppStore|Any CPU.Build.0 = Release|Any CPU
		{6D07AD6A-F5B4-4375-9021-503A9FBD69D0}.AppStore|ARM.ActiveCfg = Release|Any CPU
		{6D07AD6A-F5B4-4375-9021-503A9FBD69D0}.AppStore|ARM.Build.0 = Release|Any CPU
		{6D07AD6A-F5B4-4375-9021-503A9FBD69D0}.AppStore|iPhone.ActiveCfg = Release|Any CPU
		{6D07AD6A-F5B4-4375-9021-503A9FBD69D0}.AppStore|iPhone.Build.0 = Release|Any CPU
		{6D07AD6A-F5B4-4375-9021-503A9FBD69D0}.AppStore|iPhoneSimulator.ActiveCfg = Release|Any CPU
		{6D07AD6A-F5B4-4375-9021-503A9FBD69D0}.AppStore|iPhoneSimulator.Build.0 = Release|Any CPU
		{6D07AD6A-F5B4-4375-9021-503A9FBD69D0}.AppStore|x64.ActiveCfg = Release|Any CPU
		{6D07AD6A-F5B4-4375-9021-503A9FBD69D0}.AppStore|x64.Build.0 = Release|Any CPU
		{6D07AD6A-F5B4-4375-9021-503A9FBD69D0}.AppStore|x86.ActiveCfg = Release|Any CPU
		{6D07AD6A-F5B4-4375-9021-503A9FBD69D0}.AppStore|x86.Build.0 = Release|Any CPU
		{6D07AD6A-F5B4-4375-9021-503A9FBD69D0}.Debug|Any CPU.ActiveCfg = Debug|Any CPU
		{6D07AD6A-F5B4-4375-9021-503A9FBD69D0}.Debug|Any CPU.Build.0 = Debug|Any CPU
		{6D07AD6A-F5B4-4375-9021-503A9FBD69D0}.Debug|Any CPU.Deploy.0 = Debug|Any CPU
		{6D07AD6A-F5B4-4375-9021-503A9FBD69D0}.Debug|ARM.ActiveCfg = Debug|Any CPU
		{6D07AD6A-F5B4-4375-9021-503A9FBD69D0}.Debug|ARM.Build.0 = Debug|Any CPU
		{6D07AD6A-F5B4-4375-9021-503A9FBD69D0}.Debug|iPhone.ActiveCfg = Debug|Any CPU
		{6D07AD6A-F5B4-4375-9021-503A9FBD69D0}.Debug|iPhone.Build.0 = Debug|Any CPU
		{6D07AD6A-F5B4-4375-9021-503A9FBD69D0}.Debug|iPhoneSimulator.ActiveCfg = Debug|Any CPU
		{6D07AD6A-F5B4-4375-9021-503A9FBD69D0}.Debug|iPhoneSimulator.Build.0 = Debug|Any CPU
		{6D07AD6A-F5B4-4375-9021-503A9FBD69D0}.Debug|x64.ActiveCfg = Debug|Any CPU
		{6D07AD6A-F5B4-4375-9021-503A9FBD69D0}.Debug|x64.Build.0 = Debug|Any CPU
		{6D07AD6A-F5B4-4375-9021-503A9FBD69D0}.Debug|x86.ActiveCfg = Debug|Any CPU
		{6D07AD6A-F5B4-4375-9021-503A9FBD69D0}.Debug|x86.Build.0 = Debug|Any CPU
		{6D07AD6A-F5B4-4375-9021-503A9FBD69D0}.Release|Any CPU.ActiveCfg = Release|Any CPU
		{6D07AD6A-F5B4-4375-9021-503A9FBD69D0}.Release|Any CPU.Build.0 = Release|Any CPU
		{6D07AD6A-F5B4-4375-9021-503A9FBD69D0}.Release|Any CPU.Deploy.0 = Release|Any CPU
		{6D07AD6A-F5B4-4375-9021-503A9FBD69D0}.Release|ARM.ActiveCfg = Release|Any CPU
		{6D07AD6A-F5B4-4375-9021-503A9FBD69D0}.Release|ARM.Build.0 = Release|Any CPU
		{6D07AD6A-F5B4-4375-9021-503A9FBD69D0}.Release|iPhone.ActiveCfg = Release|Any CPU
		{6D07AD6A-F5B4-4375-9021-503A9FBD69D0}.Release|iPhone.Build.0 = Release|Any CPU
		{6D07AD6A-F5B4-4375-9021-503A9FBD69D0}.Release|iPhoneSimulator.ActiveCfg = Release|Any CPU
		{6D07AD6A-F5B4-4375-9021-503A9FBD69D0}.Release|iPhoneSimulator.Build.0 = Release|Any CPU
		{6D07AD6A-F5B4-4375-9021-503A9FBD69D0}.Release|x64.ActiveCfg = Release|Any CPU
		{6D07AD6A-F5B4-4375-9021-503A9FBD69D0}.Release|x64.Build.0 = Release|Any CPU
		{6D07AD6A-F5B4-4375-9021-503A9FBD69D0}.Release|x86.ActiveCfg = Release|Any CPU
		{6D07AD6A-F5B4-4375-9021-503A9FBD69D0}.Release|x86.Build.0 = Release|Any CPU
		{5DABA3F7-85B3-4CC6-90DD-E3183F7436D4}.Ad-Hoc|Any CPU.ActiveCfg = Release|Any CPU
		{5DABA3F7-85B3-4CC6-90DD-E3183F7436D4}.Ad-Hoc|Any CPU.Build.0 = Release|Any CPU
		{5DABA3F7-85B3-4CC6-90DD-E3183F7436D4}.Ad-Hoc|ARM.ActiveCfg = Release|Any CPU
		{5DABA3F7-85B3-4CC6-90DD-E3183F7436D4}.Ad-Hoc|ARM.Build.0 = Release|Any CPU
		{5DABA3F7-85B3-4CC6-90DD-E3183F7436D4}.Ad-Hoc|iPhone.ActiveCfg = Release|Any CPU
		{5DABA3F7-85B3-4CC6-90DD-E3183F7436D4}.Ad-Hoc|iPhone.Build.0 = Release|Any CPU
		{5DABA3F7-85B3-4CC6-90DD-E3183F7436D4}.Ad-Hoc|iPhoneSimulator.ActiveCfg = Release|Any CPU
		{5DABA3F7-85B3-4CC6-90DD-E3183F7436D4}.Ad-Hoc|iPhoneSimulator.Build.0 = Release|Any CPU
		{5DABA3F7-85B3-4CC6-90DD-E3183F7436D4}.Ad-Hoc|x64.ActiveCfg = Release|Any CPU
		{5DABA3F7-85B3-4CC6-90DD-E3183F7436D4}.Ad-Hoc|x64.Build.0 = Release|Any CPU
		{5DABA3F7-85B3-4CC6-90DD-E3183F7436D4}.Ad-Hoc|x86.ActiveCfg = Release|Any CPU
		{5DABA3F7-85B3-4CC6-90DD-E3183F7436D4}.Ad-Hoc|x86.Build.0 = Release|Any CPU
		{5DABA3F7-85B3-4CC6-90DD-E3183F7436D4}.AppStore|Any CPU.ActiveCfg = Release|Any CPU
		{5DABA3F7-85B3-4CC6-90DD-E3183F7436D4}.AppStore|Any CPU.Build.0 = Release|Any CPU
		{5DABA3F7-85B3-4CC6-90DD-E3183F7436D4}.AppStore|ARM.ActiveCfg = Release|Any CPU
		{5DABA3F7-85B3-4CC6-90DD-E3183F7436D4}.AppStore|ARM.Build.0 = Release|Any CPU
		{5DABA3F7-85B3-4CC6-90DD-E3183F7436D4}.AppStore|iPhone.ActiveCfg = Release|Any CPU
		{5DABA3F7-85B3-4CC6-90DD-E3183F7436D4}.AppStore|iPhone.Build.0 = Release|Any CPU
		{5DABA3F7-85B3-4CC6-90DD-E3183F7436D4}.AppStore|iPhoneSimulator.ActiveCfg = Release|Any CPU
		{5DABA3F7-85B3-4CC6-90DD-E3183F7436D4}.AppStore|iPhoneSimulator.Build.0 = Release|Any CPU
		{5DABA3F7-85B3-4CC6-90DD-E3183F7436D4}.AppStore|x64.ActiveCfg = Release|Any CPU
		{5DABA3F7-85B3-4CC6-90DD-E3183F7436D4}.AppStore|x64.Build.0 = Release|Any CPU
		{5DABA3F7-85B3-4CC6-90DD-E3183F7436D4}.AppStore|x86.ActiveCfg = Release|Any CPU
		{5DABA3F7-85B3-4CC6-90DD-E3183F7436D4}.AppStore|x86.Build.0 = Release|Any CPU
		{5DABA3F7-85B3-4CC6-90DD-E3183F7436D4}.Debug|Any CPU.ActiveCfg = Debug|Any CPU
		{5DABA3F7-85B3-4CC6-90DD-E3183F7436D4}.Debug|Any CPU.Build.0 = Debug|Any CPU
		{5DABA3F7-85B3-4CC6-90DD-E3183F7436D4}.Debug|ARM.ActiveCfg = Debug|Any CPU
		{5DABA3F7-85B3-4CC6-90DD-E3183F7436D4}.Debug|ARM.Build.0 = Debug|Any CPU
		{5DABA3F7-85B3-4CC6-90DD-E3183F7436D4}.Debug|iPhone.ActiveCfg = Debug|Any CPU
		{5DABA3F7-85B3-4CC6-90DD-E3183F7436D4}.Debug|iPhone.Build.0 = Debug|Any CPU
		{5DABA3F7-85B3-4CC6-90DD-E3183F7436D4}.Debug|iPhoneSimulator.ActiveCfg = Debug|Any CPU
		{5DABA3F7-85B3-4CC6-90DD-E3183F7436D4}.Debug|iPhoneSimulator.Build.0 = Debug|Any CPU
		{5DABA3F7-85B3-4CC6-90DD-E3183F7436D4}.Debug|x64.ActiveCfg = Debug|Any CPU
		{5DABA3F7-85B3-4CC6-90DD-E3183F7436D4}.Debug|x64.Build.0 = Debug|Any CPU
		{5DABA3F7-85B3-4CC6-90DD-E3183F7436D4}.Debug|x86.ActiveCfg = Debug|Any CPU
		{5DABA3F7-85B3-4CC6-90DD-E3183F7436D4}.Debug|x86.Build.0 = Debug|Any CPU
		{5DABA3F7-85B3-4CC6-90DD-E3183F7436D4}.Release|Any CPU.ActiveCfg = Release|Any CPU
		{5DABA3F7-85B3-4CC6-90DD-E3183F7436D4}.Release|Any CPU.Build.0 = Release|Any CPU
		{5DABA3F7-85B3-4CC6-90DD-E3183F7436D4}.Release|ARM.ActiveCfg = Release|Any CPU
		{5DABA3F7-85B3-4CC6-90DD-E3183F7436D4}.Release|ARM.Build.0 = Release|Any CPU
		{5DABA3F7-85B3-4CC6-90DD-E3183F7436D4}.Release|iPhone.ActiveCfg = Release|Any CPU
		{5DABA3F7-85B3-4CC6-90DD-E3183F7436D4}.Release|iPhone.Build.0 = Release|Any CPU
		{5DABA3F7-85B3-4CC6-90DD-E3183F7436D4}.Release|iPhoneSimulator.ActiveCfg = Release|Any CPU
		{5DABA3F7-85B3-4CC6-90DD-E3183F7436D4}.Release|iPhoneSimulator.Build.0 = Release|Any CPU
		{5DABA3F7-85B3-4CC6-90DD-E3183F7436D4}.Release|x64.ActiveCfg = Release|Any CPU
		{5DABA3F7-85B3-4CC6-90DD-E3183F7436D4}.Release|x64.Build.0 = Release|Any CPU
		{5DABA3F7-85B3-4CC6-90DD-E3183F7436D4}.Release|x86.ActiveCfg = Release|Any CPU
		{5DABA3F7-85B3-4CC6-90DD-E3183F7436D4}.Release|x86.Build.0 = Release|Any CPU
		{641642C3-EA2E-4B3A-8DC4-13401CD06F40}.Ad-Hoc|Any CPU.ActiveCfg = Release|x64
		{641642C3-EA2E-4B3A-8DC4-13401CD06F40}.Ad-Hoc|Any CPU.Build.0 = Release|x64
		{641642C3-EA2E-4B3A-8DC4-13401CD06F40}.Ad-Hoc|Any CPU.Deploy.0 = Release|x64
		{641642C3-EA2E-4B3A-8DC4-13401CD06F40}.Ad-Hoc|ARM.ActiveCfg = Release|ARM
		{641642C3-EA2E-4B3A-8DC4-13401CD06F40}.Ad-Hoc|ARM.Build.0 = Release|ARM
		{641642C3-EA2E-4B3A-8DC4-13401CD06F40}.Ad-Hoc|ARM.Deploy.0 = Release|ARM
		{641642C3-EA2E-4B3A-8DC4-13401CD06F40}.Ad-Hoc|ARM64.ActiveCfg = Release|ARM64
		{641642C3-EA2E-4B3A-8DC4-13401CD06F40}.Ad-Hoc|ARM64.Build.0 = Release|ARM64
		{641642C3-EA2E-4B3A-8DC4-13401CD06F40}.Ad-Hoc|ARM64.Deploy.0 = Release|ARM64
		{641642C3-EA2E-4B3A-8DC4-13401CD06F40}.Ad-Hoc|iPhone.ActiveCfg = Release|x64
		{641642C3-EA2E-4B3A-8DC4-13401CD06F40}.Ad-Hoc|iPhone.Build.0 = Release|x64
		{641642C3-EA2E-4B3A-8DC4-13401CD06F40}.Ad-Hoc|iPhone.Deploy.0 = Release|x64
		{641642C3-EA2E-4B3A-8DC4-13401CD06F40}.Ad-Hoc|iPhoneSimulator.ActiveCfg = Release|x64
		{641642C3-EA2E-4B3A-8DC4-13401CD06F40}.Ad-Hoc|iPhoneSimulator.Build.0 = Release|x64
		{641642C3-EA2E-4B3A-8DC4-13401CD06F40}.Ad-Hoc|iPhoneSimulator.Deploy.0 = Release|x64
		{641642C3-EA2E-4B3A-8DC4-13401CD06F40}.Ad-Hoc|x64.ActiveCfg = Release|x64
		{641642C3-EA2E-4B3A-8DC4-13401CD06F40}.Ad-Hoc|x64.Build.0 = Release|x64
		{641642C3-EA2E-4B3A-8DC4-13401CD06F40}.Ad-Hoc|x64.Deploy.0 = Release|x64
		{641642C3-EA2E-4B3A-8DC4-13401CD06F40}.Ad-Hoc|x86.ActiveCfg = Release|x86
		{641642C3-EA2E-4B3A-8DC4-13401CD06F40}.Ad-Hoc|x86.Build.0 = Release|x86
		{641642C3-EA2E-4B3A-8DC4-13401CD06F40}.Ad-Hoc|x86.Deploy.0 = Release|x86
		{641642C3-EA2E-4B3A-8DC4-13401CD06F40}.AppStore|Any CPU.ActiveCfg = Release|x64
		{641642C3-EA2E-4B3A-8DC4-13401CD06F40}.AppStore|Any CPU.Build.0 = Release|x64
		{641642C3-EA2E-4B3A-8DC4-13401CD06F40}.AppStore|Any CPU.Deploy.0 = Release|x64
		{641642C3-EA2E-4B3A-8DC4-13401CD06F40}.AppStore|ARM.ActiveCfg = Release|ARM
		{641642C3-EA2E-4B3A-8DC4-13401CD06F40}.AppStore|ARM.Build.0 = Release|ARM
		{641642C3-EA2E-4B3A-8DC4-13401CD06F40}.AppStore|ARM.Deploy.0 = Release|ARM
		{641642C3-EA2E-4B3A-8DC4-13401CD06F40}.AppStore|ARM64.ActiveCfg = Release|ARM64
		{641642C3-EA2E-4B3A-8DC4-13401CD06F40}.AppStore|ARM64.Build.0 = Release|ARM64
		{641642C3-EA2E-4B3A-8DC4-13401CD06F40}.AppStore|ARM64.Deploy.0 = Release|ARM64
		{641642C3-EA2E-4B3A-8DC4-13401CD06F40}.AppStore|iPhone.ActiveCfg = Release|x64
		{641642C3-EA2E-4B3A-8DC4-13401CD06F40}.AppStore|iPhone.Build.0 = Release|x64
		{641642C3-EA2E-4B3A-8DC4-13401CD06F40}.AppStore|iPhone.Deploy.0 = Release|x64
		{641642C3-EA2E-4B3A-8DC4-13401CD06F40}.AppStore|iPhoneSimulator.ActiveCfg = Release|x64
		{641642C3-EA2E-4B3A-8DC4-13401CD06F40}.AppStore|iPhoneSimulator.Build.0 = Release|x64
		{641642C3-EA2E-4B3A-8DC4-13401CD06F40}.AppStore|iPhoneSimulator.Deploy.0 = Release|x64
		{641642C3-EA2E-4B3A-8DC4-13401CD06F40}.AppStore|x64.ActiveCfg = Release|x64
		{641642C3-EA2E-4B3A-8DC4-13401CD06F40}.AppStore|x64.Build.0 = Release|x64
		{641642C3-EA2E-4B3A-8DC4-13401CD06F40}.AppStore|x64.Deploy.0 = Release|x64
		{641642C3-EA2E-4B3A-8DC4-13401CD06F40}.AppStore|x86.ActiveCfg = Release|x86
		{641642C3-EA2E-4B3A-8DC4-13401CD06F40}.AppStore|x86.Build.0 = Release|x86
		{641642C3-EA2E-4B3A-8DC4-13401CD06F40}.AppStore|x86.Deploy.0 = Release|x86
		{641642C3-EA2E-4B3A-8DC4-13401CD06F40}.Debug|Any CPU.ActiveCfg = Debug|x86
		{641642C3-EA2E-4B3A-8DC4-13401CD06F40}.Debug|ARM.ActiveCfg = Debug|ARM
		{641642C3-EA2E-4B3A-8DC4-13401CD06F40}.Debug|ARM.Build.0 = Debug|ARM
		{641642C3-EA2E-4B3A-8DC4-13401CD06F40}.Debug|ARM.Deploy.0 = Debug|ARM
		{641642C3-EA2E-4B3A-8DC4-13401CD06F40}.Debug|ARM64.ActiveCfg = Debug|ARM64
		{641642C3-EA2E-4B3A-8DC4-13401CD06F40}.Debug|ARM64.Build.0 = Debug|ARM64
		{641642C3-EA2E-4B3A-8DC4-13401CD06F40}.Debug|ARM64.Deploy.0 = Debug|ARM64
		{641642C3-EA2E-4B3A-8DC4-13401CD06F40}.Debug|iPhone.ActiveCfg = Debug|x86
		{641642C3-EA2E-4B3A-8DC4-13401CD06F40}.Debug|iPhoneSimulator.ActiveCfg = Debug|x86
		{641642C3-EA2E-4B3A-8DC4-13401CD06F40}.Debug|x64.ActiveCfg = Debug|x64
		{641642C3-EA2E-4B3A-8DC4-13401CD06F40}.Debug|x64.Build.0 = Debug|x64
		{641642C3-EA2E-4B3A-8DC4-13401CD06F40}.Debug|x64.Deploy.0 = Debug|x64
		{641642C3-EA2E-4B3A-8DC4-13401CD06F40}.Debug|x86.ActiveCfg = Debug|x86
		{641642C3-EA2E-4B3A-8DC4-13401CD06F40}.Debug|x86.Build.0 = Debug|x86
		{641642C3-EA2E-4B3A-8DC4-13401CD06F40}.Debug|x86.Deploy.0 = Debug|x86
		{641642C3-EA2E-4B3A-8DC4-13401CD06F40}.Release|Any CPU.ActiveCfg = Release|x86
		{641642C3-EA2E-4B3A-8DC4-13401CD06F40}.Release|ARM.ActiveCfg = Release|ARM
		{641642C3-EA2E-4B3A-8DC4-13401CD06F40}.Release|ARM.Build.0 = Release|ARM
		{641642C3-EA2E-4B3A-8DC4-13401CD06F40}.Release|ARM.Deploy.0 = Release|ARM
		{641642C3-EA2E-4B3A-8DC4-13401CD06F40}.Release|ARM64.ActiveCfg = Release|ARM64
		{641642C3-EA2E-4B3A-8DC4-13401CD06F40}.Release|ARM64.Build.0 = Release|ARM64
		{641642C3-EA2E-4B3A-8DC4-13401CD06F40}.Release|ARM64.Deploy.0 = Release|ARM64
		{641642C3-EA2E-4B3A-8DC4-13401CD06F40}.Release|iPhone.ActiveCfg = Release|x86
		{641642C3-EA2E-4B3A-8DC4-13401CD06F40}.Release|iPhoneSimulator.ActiveCfg = Release|x86
		{641642C3-EA2E-4B3A-8DC4-13401CD06F40}.Release|x64.ActiveCfg = Release|x64
		{641642C3-EA2E-4B3A-8DC4-13401CD06F40}.Release|x64.Build.0 = Release|x64
		{641642C3-EA2E-4B3A-8DC4-13401CD06F40}.Release|x64.Deploy.0 = Release|x64
		{641642C3-EA2E-4B3A-8DC4-13401CD06F40}.Release|x86.ActiveCfg = Release|x86
		{641642C3-EA2E-4B3A-8DC4-13401CD06F40}.Release|x86.Build.0 = Release|x86
		{641642C3-EA2E-4B3A-8DC4-13401CD06F40}.Release|x86.Deploy.0 = Release|x86
	EndGlobalSection
	GlobalSection(SolutionProperties) = preSolution
		HideSolutionNode = FALSE
	EndGlobalSection
	GlobalSection(ExtensibilityGlobals) = postSolution
		SolutionGuid = {F6D05029-56B8-4E45-AF2D-0E76295DDBA2}
	EndGlobalSection
EndGlobal
